
Microsoft Visual Studio Solution File, Format Version 12.00
# Visual Studio Version 17
VisualStudioVersion = 17.9.34616.47
MinimumVisualStudioVersion = 10.0.40219.1
Project("{FAE04EC0-301F-11D3-BF4B-00C04F79EFBC}") = "number_guessing_game", "number_guessing_game.csproj", "{6FC89525-5B4C-468B-9C24-411DBDD7994B}"
EndProject
Global
	GlobalSection(SolutionConfigurationPlatforms) = preSolution
		Debug|Any CPU = Debug|Any CPU
		Release|Any CPU = Release|Any CPU
	EndGlobalSection
	GlobalSection(ProjectConfigurationPlatforms) = postSolution
		{6FC89525-5B4C-468B-9C24-411DBDD7994B}.Debug|Any CPU.ActiveCfg = Debug|Any CPU
		{6FC89525-5B4C-468B-9C24-411DBDD7994B}.Debug|Any CPU.Build.0 = Debug|Any CPU
		{6FC89525-5B4C-468B-9C24-411DBDD7994B}.Release|Any CPU.ActiveCfg = Release|Any CPU
		{6FC89525-5B4C-468B-9C24-411DBDD7994B}.Release|Any CPU.Build.0 = Release|Any CPU
	EndGlobalSection
	GlobalSection(SolutionProperties) = preSolution
		HideSolutionNode = FALSE
	EndGlobalSection
	GlobalSection(ExtensibilityGlobals) = postSolution
		SolutionGuid = {0020B9D6-949A-4F67-BAEB-37E45C8E6B44}
	EndGlobalSection
EndGlobal
